
Microsoft Visual Studio Solution File, Format Version 12.00
# Visual Studio Version 17
VisualStudioVersion = 17.7.34024.191
MinimumVisualStudioVersion = 10.0.40219.1
Project("{FAE04EC0-301F-11D3-BF4B-00C04F79EFBC}") = "bookStoreWithCount", "bookStoreWithCount.csproj", "{37EA9A61-AD6A-46CE-B898-DDB4D61027BA}"
EndProject
Global
	GlobalSection(SolutionConfigurationPlatforms) = preSolution
		Debug|Any CPU = Debug|Any CPU
		Release|Any CPU = Release|Any CPU
	EndGlobalSection
	GlobalSection(ProjectConfigurationPlatforms) = postSolution
		{37EA9A61-AD6A-46CE-B898-DDB4D61027BA}.Debug|Any CPU.ActiveCfg = Debug|Any CPU
		{37EA9A61-AD6A-46CE-B898-DDB4D61027BA}.Debug|Any CPU.Build.0 = Debug|Any CPU
		{37EA9A61-AD6A-46CE-B898-DDB4D61027BA}.Release|Any CPU.ActiveCfg = Release|Any CPU
		{37EA9A61-AD6A-46CE-B898-DDB4D61027BA}.Release|Any CPU.Build.0 = Release|Any CPU
	EndGlobalSection
	GlobalSection(SolutionProperties) = preSolution
		HideSolutionNode = FALSE
	EndGlobalSection
	GlobalSection(ExtensibilityGlobals) = postSolution
		SolutionGuid = {BEB7256A-0C8B-4DDC-924C-FD6C6C2E005C}
	EndGlobalSection
EndGlobal
