
Microsoft Visual Studio Solution File, Format Version 12.00
# Visual Studio Version 17
VisualStudioVersion = 17.7.34024.191
MinimumVisualStudioVersion = 10.0.40219.1
Project("{FAE04EC0-301F-11D3-BF4B-00C04F79EFBC}") = "bookStoreRecord", "bookStoreRecord.csproj", "{D7B7CFF1-A53A-4773-9167-3F28112599AF}"
EndProject
Global
	GlobalSection(SolutionConfigurationPlatforms) = preSolution
		Debug|Any CPU = Debug|Any CPU
		Release|Any CPU = Release|Any CPU
	EndGlobalSection
	GlobalSection(ProjectConfigurationPlatforms) = postSolution
		{D7B7CFF1-A53A-4773-9167-3F28112599AF}.Debug|Any CPU.ActiveCfg = Debug|Any CPU
		{D7B7CFF1-A53A-4773-9167-3F28112599AF}.Debug|Any CPU.Build.0 = Debug|Any CPU
		{D7B7CFF1-A53A-4773-9167-3F28112599AF}.Release|Any CPU.ActiveCfg = Release|Any CPU
		{D7B7CFF1-A53A-4773-9167-3F28112599AF}.Release|Any CPU.Build.0 = Release|Any CPU
	EndGlobalSection
	GlobalSection(SolutionProperties) = preSolution
		HideSolutionNode = FALSE
	EndGlobalSection
	GlobalSection(ExtensibilityGlobals) = postSolution
		SolutionGuid = {B50B5882-101E-48FD-9AAF-320ACD8520ED}
	EndGlobalSection
EndGlobal
