
Microsoft Visual Studio Solution File, Format Version 12.00
# Visual Studio Version 17
VisualStudioVersion = 17.7.34024.191
MinimumVisualStudioVersion = 10.0.40219.1
Project("{FAE04EC0-301F-11D3-BF4B-00C04F79EFBC}") = "HereComesTheSun", "HereComesTheSun.csproj", "{3051BF1C-44DE-45BD-AAC8-59245515B7A0}"
EndProject
Global
	GlobalSection(SolutionConfigurationPlatforms) = preSolution
		Debug|Any CPU = Debug|Any CPU
		Release|Any CPU = Release|Any CPU
	EndGlobalSection
	GlobalSection(ProjectConfigurationPlatforms) = postSolution
		{3051BF1C-44DE-45BD-AAC8-59245515B7A0}.Debug|Any CPU.ActiveCfg = Debug|Any CPU
		{3051BF1C-44DE-45BD-AAC8-59245515B7A0}.Debug|Any CPU.Build.0 = Debug|Any CPU
		{3051BF1C-44DE-45BD-AAC8-59245515B7A0}.Release|Any CPU.ActiveCfg = Release|Any CPU
		{3051BF1C-44DE-45BD-AAC8-59245515B7A0}.Release|Any CPU.Build.0 = Release|Any CPU
	EndGlobalSection
	GlobalSection(SolutionProperties) = preSolution
		HideSolutionNode = FALSE
	EndGlobalSection
	GlobalSection(ExtensibilityGlobals) = postSolution
		SolutionGuid = {B5792DF9-344E-43AE-8B05-33587622748B}
	EndGlobalSection
EndGlobal
