
Microsoft Visual Studio Solution File, Format Version 12.00
# Visual Studio Version 17
VisualStudioVersion = 17.7.34024.191
MinimumVisualStudioVersion = 10.0.40219.1
Project("{FAE04EC0-301F-11D3-BF4B-00C04F79EFBC}") = "GenericAnimalClass", "GenericAnimalClass.csproj", "{26F511E8-9480-41B0-82E4-0C49D4FFAC3C}"
EndProject
Global
	GlobalSection(SolutionConfigurationPlatforms) = preSolution
		Debug|Any CPU = Debug|Any CPU
		Release|Any CPU = Release|Any CPU
	EndGlobalSection
	GlobalSection(ProjectConfigurationPlatforms) = postSolution
		{26F511E8-9480-41B0-82E4-0C49D4FFAC3C}.Debug|Any CPU.ActiveCfg = Debug|Any CPU
		{26F511E8-9480-41B0-82E4-0C49D4FFAC3C}.Debug|Any CPU.Build.0 = Debug|Any CPU
		{26F511E8-9480-41B0-82E4-0C49D4FFAC3C}.Release|Any CPU.ActiveCfg = Release|Any CPU
		{26F511E8-9480-41B0-82E4-0C49D4FFAC3C}.Release|Any CPU.Build.0 = Release|Any CPU
	EndGlobalSection
	GlobalSection(SolutionProperties) = preSolution
		HideSolutionNode = FALSE
	EndGlobalSection
	GlobalSection(ExtensibilityGlobals) = postSolution
		SolutionGuid = {901A1CB6-98F5-499C-8020-12B2D0CE2D32}
	EndGlobalSection
EndGlobal
