
Microsoft Visual Studio Solution File, Format Version 12.00
# Visual Studio Version 17
VisualStudioVersion = 17.7.34024.191
MinimumVisualStudioVersion = 10.0.40219.1
Project("{FAE04EC0-301F-11D3-BF4B-00C04F79EFBC}") = "AnimalInheritance", "AnimalInheritance.csproj", "{183E126E-3B67-4091-B0F7-97D7322178E9}"
EndProject
Global
	GlobalSection(SolutionConfigurationPlatforms) = preSolution
		Debug|Any CPU = Debug|Any CPU
		Release|Any CPU = Release|Any CPU
	EndGlobalSection
	GlobalSection(ProjectConfigurationPlatforms) = postSolution
		{183E126E-3B67-4091-B0F7-97D7322178E9}.Debug|Any CPU.ActiveCfg = Debug|Any CPU
		{183E126E-3B67-4091-B0F7-97D7322178E9}.Debug|Any CPU.Build.0 = Debug|Any CPU
		{183E126E-3B67-4091-B0F7-97D7322178E9}.Release|Any CPU.ActiveCfg = Release|Any CPU
		{183E126E-3B67-4091-B0F7-97D7322178E9}.Release|Any CPU.Build.0 = Release|Any CPU
	EndGlobalSection
	GlobalSection(SolutionProperties) = preSolution
		HideSolutionNode = FALSE
	EndGlobalSection
	GlobalSection(ExtensibilityGlobals) = postSolution
		SolutionGuid = {DC49F506-8159-4D09-A40C-47BB385F4D79}
	EndGlobalSection
EndGlobal
