
Microsoft Visual Studio Solution File, Format Version 12.00
# Visual Studio Version 17
VisualStudioVersion = 17.7.34024.191
MinimumVisualStudioVersion = 10.0.40219.1
Project("{FAE04EC0-301F-11D3-BF4B-00C04F79EFBC}") = "Interfaceclass", "Interfaceclass.csproj", "{9D16A68F-72B1-495D-9A17-9F4CBF770469}"
EndProject
Global
	GlobalSection(SolutionConfigurationPlatforms) = preSolution
		Debug|Any CPU = Debug|Any CPU
		Release|Any CPU = Release|Any CPU
	EndGlobalSection
	GlobalSection(ProjectConfigurationPlatforms) = postSolution
		{9D16A68F-72B1-495D-9A17-9F4CBF770469}.Debug|Any CPU.ActiveCfg = Debug|Any CPU
		{9D16A68F-72B1-495D-9A17-9F4CBF770469}.Debug|Any CPU.Build.0 = Debug|Any CPU
		{9D16A68F-72B1-495D-9A17-9F4CBF770469}.Release|Any CPU.ActiveCfg = Release|Any CPU
		{9D16A68F-72B1-495D-9A17-9F4CBF770469}.Release|Any CPU.Build.0 = Release|Any CPU
	EndGlobalSection
	GlobalSection(SolutionProperties) = preSolution
		HideSolutionNode = FALSE
	EndGlobalSection
	GlobalSection(ExtensibilityGlobals) = postSolution
		SolutionGuid = {74CD3B49-FB73-44C0-B578-6EF4CA645AE3}
	EndGlobalSection
EndGlobal
